
Microsoft Visual Studio Solution File, Format Version 12.00
# Visual Studio 15
VisualStudioVersion = 15.0.27703.2018
MinimumVisualStudioVersion = 10.0.40219.1
Project("{9A19103F-16F7-4668-BE54-9A1E7A4F7556}") = "TotalVoice", "TotalVoice\TotalVoice.csproj", "{F2142514-EF3D-4B8E-8A24-AE76BBADD57D}"
EndProject
Global
	GlobalSection(SolutionConfigurationPlatforms) = preSolution
		Debug|Any CPU = Debug|Any CPU
		Release|Any CPU = Release|Any CPU
	EndGlobalSection
	GlobalSection(ProjectConfigurationPlatforms) = postSolution
		{F2142514-EF3D-4B8E-8A24-AE76BBADD57D}.Debug|Any CPU.ActiveCfg = Debug|Any CPU
		{F2142514-EF3D-4B8E-8A24-AE76BBADD57D}.Debug|Any CPU.Build.0 = Debug|Any CPU
		{F2142514-EF3D-4B8E-8A24-AE76BBADD57D}.Release|Any CPU.ActiveCfg = Release|Any CPU
		{F2142514-EF3D-4B8E-8A24-AE76BBADD57D}.Release|Any CPU.Build.0 = Release|Any CPU
	EndGlobalSection
	GlobalSection(SolutionProperties) = preSolution
		HideSolutionNode = FALSE
	EndGlobalSection
	GlobalSection(ExtensibilityGlobals) = postSolution
		SolutionGuid = {1370902D-8AD7-4255-9FD5-607CB6677871}
	EndGlobalSection
EndGlobal
